// !$*UTF8*$!
{
	archiveVersion = 1;
	classes = {
	};
	objectVersion = 50;
	objects = {

/* Begin PBXBuildFile section */
		44D7474725A888D8003A5B56 /* AppDelegate.swift in Sources */ = {isa = PBXBuildFile; fileRef = 44D7474625A888D8003A5B56 /* AppDelegate.swift */; };
		44D7474925A888D8003A5B56 /* SceneDelegate.swift in Sources */ = {isa = PBXBuildFile; fileRef = 44D7474825A888D8003A5B56 /* SceneDelegate.swift */; };
		44D7474B25A888D8003A5B56 /* ViewController.swift in Sources */ = {isa = PBXBuildFile; fileRef = 44D7474A25A888D8003A5B56 /* ViewController.swift */; };
		44D7474E25A888D8003A5B56 /* Main.storyboard in Resources */ = {isa = PBXBuildFile; fileRef = 44D7474C25A888D8003A5B56 /* Main.storyboard */; };
		44D7475025A888D9003A5B56 /* Assets.xcassets in Resources */ = {isa = PBXBuildFile; fileRef = 44D7474F25A888D9003A5B56 /* Assets.xcassets */; };
		44D7475325A888D9003A5B56 /* LaunchScreen.storyboard in Resources */ = {isa = PBXBuildFile; fileRef = 44D7475125A888D9003A5B56 /* LaunchScreen.storyboard */; };
		480A3F6A25B997B6003AA06B /* list.plist in Resources */ = {isa = PBXBuildFile; fileRef = 480A3F6925B997B6003AA06B /* list.plist */; };
		480A3F6E25B9982E003AA06B /* Daisies.mp3 in Resources */ = {isa = PBXBuildFile; fileRef = 480A3F6C25B9982E003AA06B /* Daisies.mp3 */; };
		480A3F6F25B9982E003AA06B /* Daisies.jpg in Resources */ = {isa = PBXBuildFile; fileRef = 480A3F6D25B9982E003AA06B /* Daisies.jpg */; };
		480A3F7325B99843003AA06B /* SmallTalk.jpg in Resources */ = {isa = PBXBuildFile; fileRef = 480A3F7125B99843003AA06B /* SmallTalk.jpg */; };
		480A3F7425B99843003AA06B /* Small Talk.mp3 in Resources */ = {isa = PBXBuildFile; fileRef = 480A3F7225B99843003AA06B /* Small Talk.mp3 */; };
		480A3F7825B99855003AA06B /* Smile.mp3 in Resources */ = {isa = PBXBuildFile; fileRef = 480A3F7625B99855003AA06B /* Smile.mp3 */; };
		480A3F7925B99855003AA06B /* Smile.jpg in Resources */ = {isa = PBXBuildFile; fileRef = 480A3F7725B99855003AA06B /* Smile.jpg */; };
/* End PBXBuildFile section */

/* Begin PBXFileReference section */
		44D7474325A888D8003A5B56 /* MMPlayer.app */ = {isa = PBXFileReference; explicitFileType = wrapper.application; includeInIndex = 0; path = MMPlayer.app; sourceTree = BUILT_PRODUCTS_DIR; };
		44D7474625A888D8003A5B56 /* AppDelegate.swift */ = {isa = PBXFileReference; lastKnownFileType = sourcecode.swift; path = AppDelegate.swift; sourceTree = "<group>"; };
		44D7474825A888D8003A5B56 /* SceneDelegate.swift */ = {isa = PBXFileReference; lastKnownFileType = sourcecode.swift; path = SceneDelegate.swift; sourceTree = "<group>"; };
		44D7474A25A888D8003A5B56 /* ViewController.swift */ = {isa = PBXFileReference; lastKnownFileType = sourcecode.swift; path = ViewController.swift; sourceTree = "<group>"; };
		44D7474D25A888D8003A5B56 /* Base */ = {isa = PBXFileReference; lastKnownFileType = file.storyboard; name = Base; path = Base.lproj/Main.storyboard; sourceTree = "<group>"; };
		44D7474F25A888D9003A5B56 /* Assets.xcassets */ = {isa = PBXFileReference; lastKnownFileType = folder.assetcatalog; path = Assets.xcassets; sourceTree = "<group>"; };
		44D7475225A888D9003A5B56 /* Base */ = {isa = PBXFileReference; lastKnownFileType = file.storyboard; name = Base; path = Base.lproj/LaunchScreen.storyboard; sourceTree = "<group>"; };
		44D7475425A888D9003A5B56 /* Info.plist */ = {isa = PBXFileReference; lastKnownFileType = text.plist.xml; path = Info.plist; sourceTree = "<group>"; };
		480A3F6925B997B6003AA06B /* list.plist */ = {isa = PBXFileReference; fileEncoding = 4; lastKnownFileType = text.plist.xml; path = list.plist; sourceTree = "<group>"; };
		480A3F6C25B9982E003AA06B /* Daisies.mp3 */ = {isa = PBXFileReference; lastKnownFileType = audio.mp3; path = Daisies.mp3; sourceTree = "<group>"; };
		480A3F6D25B9982E003AA06B /* Daisies.jpg */ = {isa = PBXFileReference; lastKnownFileType = image.jpeg; path = Daisies.jpg; sourceTree = "<group>"; };
		480A3F7125B99843003AA06B /* SmallTalk.jpg */ = {isa = PBXFileReference; lastKnownFileType = image.jpeg; path = SmallTalk.jpg; sourceTree = "<group>"; };
		480A3F7225B99843003AA06B /* Small Talk.mp3 */ = {isa = PBXFileReference; lastKnownFileType = audio.mp3; path = "Small Talk.mp3"; sourceTree = "<group>"; };
		480A3F7625B99855003AA06B /* Smile.mp3 */ = {isa = PBXFileReference; lastKnownFileType = audio.mp3; path = Smile.mp3; sourceTree = "<group>"; };
		480A3F7725B99855003AA06B /* Smile.jpg */ = {isa = PBXFileReference; lastKnownFileType = image.jpeg; path = Smile.jpg; sourceTree = "<group>"; };
/* End PBXFileReference section */

/* Begin PBXFrameworksBuildPhase section */
		44D7474025A888D8003A5B56 /* Frameworks */ = {
			isa = PBXFrameworksBuildPhase;
			buildActionMask = 2147483647;
			files = (
			);
			runOnlyForDeploymentPostprocessing = 0;
		};
/* End PBXFrameworksBuildPhase section */

/* Begin PBXGroup section */
		44D7473A25A888D8003A5B56 = {
			isa = PBXGroup;
			children = (
				44D7474525A888D8003A5B56 /* MMPlayer */,
				44D7474425A888D8003A5B56 /* Products */,
			);
			sourceTree = "<group>";
		};
		44D7474425A888D8003A5B56 /* Products */ = {
			isa = PBXGroup;
			children = (
				44D7474325A888D8003A5B56 /* MMPlayer.app */,
			);
			name = Products;
			sourceTree = "<group>";
		};
		44D7474525A888D8003A5B56 /* MMPlayer */ = {
			isa = PBXGroup;
			children = (
				44D7474625A888D8003A5B56 /* AppDelegate.swift */,
				44D7474825A888D8003A5B56 /* SceneDelegate.swift */,
				44D7474A25A888D8003A5B56 /* ViewController.swift */,
				480A3F6925B997B6003AA06B /* list.plist */,
				480A3F7225B99843003AA06B /* Small Talk.mp3 */,
				480A3F7125B99843003AA06B /* SmallTalk.jpg */,
				480A3F6D25B9982E003AA06B /* Daisies.jpg */,
				480A3F7725B99855003AA06B /* Smile.jpg */,
				480A3F7625B99855003AA06B /* Smile.mp3 */,
				480A3F6C25B9982E003AA06B /* Daisies.mp3 */,
				44D7474C25A888D8003A5B56 /* Main.storyboard */,
				44D7474F25A888D9003A5B56 /* Assets.xcassets */,
				44D7475125A888D9003A5B56 /* LaunchScreen.storyboard */,
				44D7475425A888D9003A5B56 /* Info.plist */,
			);
			path = MMPlayer;
			sourceTree = "<group>";
		};
/* End PBXGroup section */

/* Begin PBXNativeTarget section */
		44D7474225A888D8003A5B56 /* MMPlayer */ = {
			isa = PBXNativeTarget;
			buildConfigurationList = 44D7475725A888D9003A5B56 /* Build configuration list for PBXNativeTarget "MMPlayer" */;
			buildPhases = (
				44D7473F25A888D8003A5B56 /* Sources */,
				44D7474025A888D8003A5B56 /* Frameworks */,
				44D7474125A888D8003A5B56 /* Resources */,
			);
			buildRules = (
			);
			dependencies = (
			);
			name = MMPlayer;
			productName = MMPlayer;
			productReference = 44D7474325A888D8003A5B56 /* MMPlayer.app */;
			productType = "com.apple.product-type.application";
		};
/* End PBXNativeTarget section */

/* Begin PBXProject section */
		44D7473B25A888D8003A5B56 /* Project object */ = {
			isa = PBXProject;
			attributes = {
				LastSwiftUpdateCheck = 1200;
				LastUpgradeCheck = 1200;
				TargetAttributes = {
					44D7474225A888D8003A5B56 = {
						CreatedOnToolsVersion = 12.0.1;
					};
				};
			};
			buildConfigurationList = 44D7473E25A888D8003A5B56 /* Build configuration list for PBXProject "MMPlayer" */;
			compatibilityVersion = "Xcode 9.3";
			developmentRegion = en;
			hasScannedForEncodings = 0;
			knownRegions = (
				en,
				Base,
			);
			mainGroup = 44D7473A25A888D8003A5B56;
			productRefGroup = 44D7474425A888D8003A5B56 /* Products */;
			projectDirPath = "";
			projectRoot = "";
			targets = (
				44D7474225A888D8003A5B56 /* MMPlayer */,
			);
		};
/* End PBXProject section */

/* Begin PBXResourcesBuildPhase section */
		44D7474125A888D8003A5B56 /* Resources */ = {
			isa = PBXResourcesBuildPhase;
			buildActionMask = 2147483647;
			files = (
				480A3F6A25B997B6003AA06B /* list.plist in Resources */,
				480A3F7425B99843003AA06B /* Small Talk.mp3 in Resources */,
				44D7475325A888D9003A5B56 /* LaunchScreen.storyboard in Resources */,
				480A3F6F25B9982E003AA06B /* Daisies.jpg in Resources */,
				480A3F7925B99855003AA06B /* Smile.jpg in Resources */,
				44D7475025A888D9003A5B56 /* Assets.xcassets in Resources */,
				480A3F6E25B9982E003AA06B /* Daisies.mp3 in Resources */,
				44D7474E25A888D8003A5B56 /* Main.storyboard in Resources */,
				480A3F7325B99843003AA06B /* SmallTalk.jpg in Resources */,
				480A3F7825B99855003AA06B /* Smile.mp3 in Resources */,
			);
			runOnlyForDeploymentPostprocessing = 0;
		};
/* End PBXResourcesBuildPhase section */

/* Begin PBXSourcesBuildPhase section */
		44D7473F25A888D8003A5B56 /* Sources */ = {
			isa = PBXSourcesBuildPhase;
			buildActionMask = 2147483647;
			files = (
				44D7474B25A888D8003A5B56 /* ViewController.swift in Sources */,
				44D7474725A888D8003A5B56 /* AppDelegate.swift in Sources */,
				44D7474925A888D8003A5B56 /* SceneDelegate.swift in Sources */,
			);
			runOnlyForDeploymentPostprocessing = 0;
		};
/* End PBXSourcesBuildPhase section */

/* Begin PBXVariantGroup section */
		44D7474C25A888D8003A5B56 /* Main.storyboard */ = {
			isa = PBXVariantGroup;
			children = (
				44D7474D25A888D8003A5B56 /* Base */,
			);
			name = Main.storyboard;
			sourceTree = "<group>";
		};
		44D7475125A888D9003A5B56 /* LaunchScreen.storyboard */ = {
			isa = PBXVariantGroup;
			children = (
				44D7475225A888D9003A5B56 /* Base */,
			);
			name = LaunchScreen.storyboard;
			sourceTree = "<group>";
		};
/* End PBXVariantGroup section */

/* Begin XCBuildConfiguration section */
		44D7475525A888D9003A5B56 /* Debug */ = {
			isa = XCBuildConfiguration;
			buildSettings = {
				ALWAYS_SEARCH_USER_PATHS = NO;
				CLANG_ANALYZER_NONNULL = YES;
				CLANG_ANALYZER_NUMBER_OBJECT_CONVERSION = YES_AGGRESSIVE;
				CLANG_CXX_LANGUAGE_STANDARD = "gnu++14";
				CLANG_CXX_LIBRARY = "libc++";
				CLANG_ENABLE_MODULES = YES;
				CLANG_ENABLE_OBJC_ARC = YES;
				CLANG_ENABLE_OBJC_WEAK = YES;
				CLANG_WARN_BLOCK_CAPTURE_AUTORELEASING = YES;
				CLANG_WARN_BOOL_CONVERSION = YES;
				CLANG_WARN_COMMA = YES;
				CLANG_WARN_CONSTANT_CONVERSION = YES;
				CLANG_WARN_DEPRECATED_OBJC_IMPLEMENTATIONS = YES;
				CLANG_WARN_DIRECT_OBJC_ISA_USAGE = YES_ERROR;
				CLANG_WARN_DOCUMENTATION_COMMENTS = YES;
				CLANG_WARN_EMPTY_BODY = YES;
				CLANG_WARN_ENUM_CONVERSION = YES;
				CLANG_WARN_INFINITE_RECURSION = YES;
				CLANG_WARN_INT_CONVERSION = YES;
				CLANG_WARN_NON_LITERAL_NULL_CONVERSION = YES;
				CLANG_WARN_OBJC_IMPLICIT_RETAIN_SELF = YES;
				CLANG_WARN_OBJC_LITERAL_CONVERSION = YES;
				CLANG_WARN_OBJC_ROOT_CLASS = YES_ERROR;
				CLANG_WARN_QUOTED_INCLUDE_IN_FRAMEWORK_HEADER = YES;
				CLANG_WARN_RANGE_LOOP_ANALYSIS = YES;
				CLANG_WARN_STRICT_PROTOTYPES = YES;
				CLANG_WARN_SUSPICIOUS_MOVE = YES;
				CLANG_WARN_UNGUARDED_AVAILABILITY = YES_AGGRESSIVE;
				CLANG_WARN_UNREACHABLE_CODE = YES;
				CLANG_WARN__DUPLICATE_METHOD_MATCH = YES;
				COPY_PHASE_STRIP = NO;
				DEBUG_INFORMATION_FORMAT = dwarf;
				ENABLE_STRICT_OBJC_MSGSEND = YES;
				ENABLE_TESTABILITY = YES;
				GCC_C_LANGUAGE_STANDARD = gnu11;
				GCC_DYNAMIC_NO_PIC = NO;
				GCC_NO_COMMON_BLOCKS = YES;
				GCC_OPTIMIZATION_LEVEL = 0;
				GCC_PREPROCESSOR_DEFINITIONS = (
					"DEBUG=1",
					"$(inherited)",
				);
				GCC_WARN_64_TO_32_BIT_CONVERSION = YES;
				GCC_WARN_ABOUT_RETURN_TYPE = YES_ERROR;
				GCC_WARN_UNDECLARED_SELECTOR = YES;
				GCC_WARN_UNINITIALIZED_AUTOS = YES_AGGRESSIVE;
				GCC_WARN_UNUSED_FUNCTION = YES;
				GCC_WARN_UNUSED_VARIABLE = YES;
				IPHONEOS_DEPLOYMENT_TARGET = 14.0;
				MTL_ENABLE_DEBUG_INFO = INCLUDE_SOURCE;
				MTL_FAST_MATH = YES;
				ONLY_ACTIVE_ARCH = YES;
				SDKROOT = iphoneos;
				SWIFT_ACTIVE_COMPILATION_CONDITIONS = DEBUG;
				SWIFT_OPTIMIZATION_LEVEL = "-Onone";
			};
			name = Debug;
		};
		44D7475625A888D9003A5B56 /* Release */ = {
			isa = XCBuildConfiguration;
			buildSettings = {
				ALWAYS_SEARCH_USER_PATHS = NO;
				CLANG_ANALYZER_NONNULL = YES;
				CLANG_ANALYZER_NUMBER_OBJECT_CONVERSION = YES_AGGRESSIVE;
				CLANG_CXX_LANGUAGE_STANDARD = "gnu++14";
				CLANG_CXX_LIBRARY = "libc++";
				CLANG_ENABLE_MODULES = YES;
				CLANG_ENABLE_OBJC_ARC = YES;
				CLANG_ENABLE_OBJC_WEAK = YES;
				CLANG_WARN_BLOCK_CAPTURE_AUTORELEASING = YES;
				CLANG_WARN_BOOL_CONVERSION = YES;
				CLANG_WARN_COMMA = YES;
				CLANG_WARN_CONSTANT_CONVERSION = YES;
				CLANG_WARN_DEPRECATED_OBJC_IMPLEMENTATIONS = YES;
				CLANG_WARN_DIRECT_OBJC_ISA_USAGE = YES_ERROR;
				CLANG_WARN_DOCUMENTATION_COMMENTS = YES;
				CLANG_WARN_EMPTY_BODY = YES;
				CLANG_WARN_ENUM_CONVERSION = YES;
				CLANG_WARN_INFINITE_RECURSION = YES;
				CLANG_WARN_INT_CONVERSION = YES;
				CLANG_WARN_NON_LITERAL_NULL_CONVERSION = YES;
				CLANG_WARN_OBJC_IMPLICIT_RETAIN_SELF = YES;
				CLANG_WARN_OBJC_LITERAL_CONVERSION = YES;
				CLANG_WARN_OBJC_ROOT_CLASS = YES_ERROR;
				CLANG_WARN_QUOTED_INCLUDE_IN_FRAMEWORK_HEADER = YES;
				CLANG_WARN_RANGE_LOOP_ANALYSIS = YES;
				CLANG_WARN_STRICT_PROTOTYPES = YES;
				CLANG_WARN_SUSPICIOUS_MOVE = YES;
				CLANG_WARN_UNGUARDED_AVAILABILITY = YES_AGGRESSIVE;
				CLANG_WARN_UNREACHABLE_CODE = YES;
				CLANG_WARN__DUPLICATE_METHOD_MATCH = YES;
				COPY_PHASE_STRIP = NO;
				DEBUG_INFORMATION_FORMAT = "dwarf-with-dsym";
				ENABLE_NS_ASSERTIONS = NO;
				ENABLE_STRICT_OBJC_MSGSEND = YES;
				GCC_C_LANGUAGE_STANDARD = gnu11;
				GCC_NO_COMMON_BLOCKS = YES;
				GCC_WARN_64_TO_32_BIT_CONVERSION = YES;
				GCC_WARN_ABOUT_RETURN_TYPE = YES_ERROR;
				GCC_WARN_UNDECLARED_SELECTOR = YES;
				GCC_WARN_UNINITIALIZED_AUTOS = YES_AGGRESSIVE;
				GCC_WARN_UNUSED_FUNCTION = YES;
				GCC_WARN_UNUSED_VARIABLE = YES;
				IPHONEOS_DEPLOYMENT_TARGET = 14.0;
				MTL_ENABLE_DEBUG_INFO = NO;
				MTL_FAST_MATH = YES;
				SDKROOT = iphoneos;
				SWIFT_COMPILATION_MODE = wholemodule;
				SWIFT_OPTIMIZATION_LEVEL = "-O";
				VALIDATE_PRODUCT = YES;
			};
			name = Release;
		};
		44D7475825A888D9003A5B56 /* Debug */ = {
			isa = XCBuildConfiguration;
			buildSettings = {
				ASSETCATALOG_COMPILER_APPICON_NAME = AppIcon;
				ASSETCATALOG_COMPILER_GLOBAL_ACCENT_COLOR_NAME = AccentColor;
				CODE_SIGN_STYLE = Automatic;
				INFOPLIST_FILE = MMPlayer/Info.plist;
				LD_RUNPATH_SEARCH_PATHS = (
					"$(inherited)",
					"@executable_path/Frameworks",
				);
				PRODUCT_BUNDLE_IDENTIFIER = com.NRV.MMPlayer;
				PRODUCT_NAME = "$(TARGET_NAME)";
				SWIFT_VERSION = 5.0;
				TARGETED_DEVICE_FAMILY = "1,2";
			};
			name = Debug;
		};
		44D7475925A888D9003A5B56 /* Release */ = {
			isa = XCBuildConfiguration;
			buildSettings = {
				ASSETCATALOG_COMPILER_APPICON_NAME = AppIcon;
				ASSETCATALOG_COMPILER_GLOBAL_ACCENT_COLOR_NAME = AccentColor;
				CODE_SIGN_STYLE = Automatic;
				INFOPLIST_FILE = MMPlayer/Info.plist;
				LD_RUNPATH_SEARCH_PATHS = (
					"$(inherited)",
					"@executable_path/Frameworks",
				);
				PRODUCT_BUNDLE_IDENTIFIER = com.NRV.MMPlayer;
				PRODUCT_NAME = "$(TARGET_NAME)";
				SWIFT_VERSION = 5.0;
				TARGETED_DEVICE_FAMILY = "1,2";
			};
			name = Release;
		};
/* End XCBuildConfiguration section */

/* Begin XCConfigurationList section */
		44D7473E25A888D8003A5B56 /* Build configuration list for PBXProject "MMPlayer" */ = {
			isa = XCConfigurationList;
			buildConfigurations = (
				44D7475525A888D9003A5B56 /* Debug */,
				44D7475625A888D9003A5B56 /* Release */,
			);
			defaultConfigurationIsVisible = 0;
			defaultConfigurationName = Release;
		};
		44D7475725A888D9003A5B56 /* Build configuration list for PBXNativeTarget "MMPlayer" */ = {
			isa = XCConfigurationList;
			buildConfigurations = (
				44D7475825A888D9003A5B56 /* Debug */,
				44D7475925A888D9003A5B56 /* Release */,
			);
			defaultConfigurationIsVisible = 0;
			defaultConfigurationName = Release;
		};
/* End XCConfigurationList section */
	};
	rootObject = 44D7473B25A888D8003A5B56 /* Project object */;
}
